
Microsoft Visual Studio Solution File, Format Version 12.00
# Visual Studio Version 17
VisualStudioVersion = 17.5.002.0
MinimumVisualStudioVersion = 10.0.40219.1
Project("{9A19103F-16F7-4668-BE54-9A1E7A4F7556}") = "Day1", "Day1\Day1.csproj", "{801FC53C-D992-40EA-99A5-B62525193698}"
EndProject
Project("{FAE04EC0-301F-11D3-BF4B-00C04F79EFBC}") = "Common", "Common\Common.csproj", "{4AB1AAA2-35A8-4374-AFAD-4F7F0ABD2F79}"
EndProject
Project("{FAE04EC0-301F-11D3-BF4B-00C04F79EFBC}") = "Day2", "Day2\Day2.csproj", "{FEAB047D-4661-4099-84F2-D2FE079951D1}"
EndProject
Project("{FAE04EC0-301F-11D3-BF4B-00C04F79EFBC}") = "Day3", "Day3\Day3.csproj", "{14A13321-1015-430F-8B52-CDA68591A2F9}"
EndProject
Project("{FAE04EC0-301F-11D3-BF4B-00C04F79EFBC}") = "Day4", "Day4\Day4.csproj", "{E60742DF-9663-4229-A11B-372D1E51D9C0}"
EndProject
Project("{FAE04EC0-301F-11D3-BF4B-00C04F79EFBC}") = "Day5", "Day5\Day5.csproj", "{63C0D932-F530-4087-BA07-40C95A3B5631}"
EndProject
Project("{FAE04EC0-301F-11D3-BF4B-00C04F79EFBC}") = "Day6", "Day6\Day6.csproj", "{937BA1F7-B500-4254-8EC2-457B04FDF218}"
EndProject
Project("{FAE04EC0-301F-11D3-BF4B-00C04F79EFBC}") = "DisplayDay6", "DisplayDay6\DisplayDay6.csproj", "{7B68607B-190B-4253-89D3-C774E0D300D3}"
EndProject
Project("{FAE04EC0-301F-11D3-BF4B-00C04F79EFBC}") = "Day7", "Day7\Day7.csproj", "{5C27AAC8-C630-42A5-A34E-B8CD2B422F3B}"
EndProject
Project("{FAE04EC0-301F-11D3-BF4B-00C04F79EFBC}") = "Day8", "Day8\Day8.csproj", "{EFC1F350-47D6-4F2A-8123-F010D1F01BB4}"
EndProject
Project("{FAE04EC0-301F-11D3-BF4B-00C04F79EFBC}") = "Day9", "Day9\Day9.csproj", "{6F6BF83B-5C91-4DC6-95C2-655A60FDFD43}"
EndProject
Project("{FAE04EC0-301F-11D3-BF4B-00C04F79EFBC}") = "Day10", "Day10\Day10.csproj", "{3B64EB32-7949-4C79-B4E0-F6F16895447E}"
EndProject
Project("{FAE04EC0-301F-11D3-BF4B-00C04F79EFBC}") = "Day11", "Day11\Day11.csproj", "{D35A37DC-CA63-42DA-9980-892862FFE6ED}"
EndProject
Global
	GlobalSection(SolutionConfigurationPlatforms) = preSolution
		Debug|Any CPU = Debug|Any CPU
		Release|Any CPU = Release|Any CPU
	EndGlobalSection
	GlobalSection(ProjectConfigurationPlatforms) = postSolution
		{801FC53C-D992-40EA-99A5-B62525193698}.Debug|Any CPU.ActiveCfg = Debug|Any CPU
		{801FC53C-D992-40EA-99A5-B62525193698}.Debug|Any CPU.Build.0 = Debug|Any CPU
		{801FC53C-D992-40EA-99A5-B62525193698}.Release|Any CPU.ActiveCfg = Release|Any CPU
		{801FC53C-D992-40EA-99A5-B62525193698}.Release|Any CPU.Build.0 = Release|Any CPU
		{4AB1AAA2-35A8-4374-AFAD-4F7F0ABD2F79}.Debug|Any CPU.ActiveCfg = Debug|Any CPU
		{4AB1AAA2-35A8-4374-AFAD-4F7F0ABD2F79}.Debug|Any CPU.Build.0 = Debug|Any CPU
		{4AB1AAA2-35A8-4374-AFAD-4F7F0ABD2F79}.Release|Any CPU.ActiveCfg = Release|Any CPU
		{4AB1AAA2-35A8-4374-AFAD-4F7F0ABD2F79}.Release|Any CPU.Build.0 = Release|Any CPU
		{FEAB047D-4661-4099-84F2-D2FE079951D1}.Debug|Any CPU.ActiveCfg = Debug|Any CPU
		{FEAB047D-4661-4099-84F2-D2FE079951D1}.Debug|Any CPU.Build.0 = Debug|Any CPU
		{FEAB047D-4661-4099-84F2-D2FE079951D1}.Release|Any CPU.ActiveCfg = Release|Any CPU
		{FEAB047D-4661-4099-84F2-D2FE079951D1}.Release|Any CPU.Build.0 = Release|Any CPU
		{14A13321-1015-430F-8B52-CDA68591A2F9}.Debug|Any CPU.ActiveCfg = Debug|Any CPU
		{14A13321-1015-430F-8B52-CDA68591A2F9}.Debug|Any CPU.Build.0 = Debug|Any CPU
		{14A13321-1015-430F-8B52-CDA68591A2F9}.Release|Any CPU.ActiveCfg = Release|Any CPU
		{14A13321-1015-430F-8B52-CDA68591A2F9}.Release|Any CPU.Build.0 = Release|Any CPU
		{E60742DF-9663-4229-A11B-372D1E51D9C0}.Debug|Any CPU.ActiveCfg = Debug|Any CPU
		{E60742DF-9663-4229-A11B-372D1E51D9C0}.Debug|Any CPU.Build.0 = Debug|Any CPU
		{E60742DF-9663-4229-A11B-372D1E51D9C0}.Release|Any CPU.ActiveCfg = Release|Any CPU
		{E60742DF-9663-4229-A11B-372D1E51D9C0}.Release|Any CPU.Build.0 = Release|Any CPU
		{63C0D932-F530-4087-BA07-40C95A3B5631}.Debug|Any CPU.ActiveCfg = Debug|Any CPU
		{63C0D932-F530-4087-BA07-40C95A3B5631}.Debug|Any CPU.Build.0 = Debug|Any CPU
		{63C0D932-F530-4087-BA07-40C95A3B5631}.Release|Any CPU.ActiveCfg = Release|Any CPU
		{63C0D932-F530-4087-BA07-40C95A3B5631}.Release|Any CPU.Build.0 = Release|Any CPU
		{937BA1F7-B500-4254-8EC2-457B04FDF218}.Debug|Any CPU.ActiveCfg = Debug|Any CPU
		{937BA1F7-B500-4254-8EC2-457B04FDF218}.Debug|Any CPU.Build.0 = Debug|Any CPU
		{937BA1F7-B500-4254-8EC2-457B04FDF218}.Release|Any CPU.ActiveCfg = Release|Any CPU
		{937BA1F7-B500-4254-8EC2-457B04FDF218}.Release|Any CPU.Build.0 = Release|Any CPU
		{7B68607B-190B-4253-89D3-C774E0D300D3}.Debug|Any CPU.ActiveCfg = Debug|Any CPU
		{7B68607B-190B-4253-89D3-C774E0D300D3}.Debug|Any CPU.Build.0 = Debug|Any CPU
		{7B68607B-190B-4253-89D3-C774E0D300D3}.Release|Any CPU.ActiveCfg = Release|Any CPU
		{7B68607B-190B-4253-89D3-C774E0D300D3}.Release|Any CPU.Build.0 = Release|Any CPU
		{5C27AAC8-C630-42A5-A34E-B8CD2B422F3B}.Debug|Any CPU.ActiveCfg = Debug|Any CPU
		{5C27AAC8-C630-42A5-A34E-B8CD2B422F3B}.Debug|Any CPU.Build.0 = Debug|Any CPU
		{5C27AAC8-C630-42A5-A34E-B8CD2B422F3B}.Release|Any CPU.ActiveCfg = Release|Any CPU
		{5C27AAC8-C630-42A5-A34E-B8CD2B422F3B}.Release|Any CPU.Build.0 = Release|Any CPU
		{EFC1F350-47D6-4F2A-8123-F010D1F01BB4}.Debug|Any CPU.ActiveCfg = Debug|Any CPU
		{EFC1F350-47D6-4F2A-8123-F010D1F01BB4}.Debug|Any CPU.Build.0 = Debug|Any CPU
		{EFC1F350-47D6-4F2A-8123-F010D1F01BB4}.Release|Any CPU.ActiveCfg = Release|Any CPU
		{EFC1F350-47D6-4F2A-8123-F010D1F01BB4}.Release|Any CPU.Build.0 = Release|Any CPU
		{6F6BF83B-5C91-4DC6-95C2-655A60FDFD43}.Debug|Any CPU.ActiveCfg = Debug|Any CPU
		{6F6BF83B-5C91-4DC6-95C2-655A60FDFD43}.Debug|Any CPU.Build.0 = Debug|Any CPU
		{6F6BF83B-5C91-4DC6-95C2-655A60FDFD43}.Release|Any CPU.ActiveCfg = Release|Any CPU
		{6F6BF83B-5C91-4DC6-95C2-655A60FDFD43}.Release|Any CPU.Build.0 = Release|Any CPU
		{3B64EB32-7949-4C79-B4E0-F6F16895447E}.Debug|Any CPU.ActiveCfg = Debug|Any CPU
		{3B64EB32-7949-4C79-B4E0-F6F16895447E}.Debug|Any CPU.Build.0 = Debug|Any CPU
		{3B64EB32-7949-4C79-B4E0-F6F16895447E}.Release|Any CPU.ActiveCfg = Release|Any CPU
		{3B64EB32-7949-4C79-B4E0-F6F16895447E}.Release|Any CPU.Build.0 = Release|Any CPU
		{D35A37DC-CA63-42DA-9980-892862FFE6ED}.Debug|Any CPU.ActiveCfg = Debug|Any CPU
		{D35A37DC-CA63-42DA-9980-892862FFE6ED}.Debug|Any CPU.Build.0 = Debug|Any CPU
		{D35A37DC-CA63-42DA-9980-892862FFE6ED}.Release|Any CPU.ActiveCfg = Release|Any CPU
		{D35A37DC-CA63-42DA-9980-892862FFE6ED}.Release|Any CPU.Build.0 = Release|Any CPU
	EndGlobalSection
	GlobalSection(SolutionProperties) = preSolution
		HideSolutionNode = FALSE
	EndGlobalSection
	GlobalSection(ExtensibilityGlobals) = postSolution
		SolutionGuid = {9EE92961-F606-4C6C-A805-E03B5C00F016}
	EndGlobalSection
EndGlobal
